
Microsoft Visual Studio Solution File, Format Version 12.00
# Visual Studio 15
VisualStudioVersion = 15.0.27130.2027
MinimumVisualStudioVersion = 10.0.40219.1
Project("{FAE04EC0-301F-11D3-BF4B-00C04F79EFBC}") = "Hello", "Hello\Hello.csproj", "{D4E92217-25E9-4A4F-BA1B-A35DBF6547A3}"
EndProject
Project("{FAE04EC0-301F-11D3-BF4B-00C04F79EFBC}") = "StudentDiary", "StudentDiary\StudentDiary.csproj", "{E99A9488-27AF-4418-8B43-82F24DAF71C7}"
EndProject
Project("{FAE04EC0-301F-11D3-BF4B-00C04F79EFBC}") = "Constructors", "Constructors\Constructors.csproj", "{18B9ED83-D0F4-4E4B-8873-DD39732E53C8}"
EndProject
Project("{FAE04EC0-301F-11D3-BF4B-00C04F79EFBC}") = "Odcinek10", "Odcinek10\Odcinek10.csproj", "{33332A07-B889-4FD5-8BA7-21CC607C44DB}"
EndProject
Project("{FAE04EC0-301F-11D3-BF4B-00C04F79EFBC}") = "Odcinek13", "Odcinek13\Odcinek13.csproj", "{3D515B04-1175-43C1-A6B1-32DEA4053152}"
EndProject
Project("{FAE04EC0-301F-11D3-BF4B-00C04F79EFBC}") = "Typy", "Typy\Typy.csproj", "{868C61AB-333D-4C9C-AA0C-3764B5ECD61D}"
EndProject
Project("{FAE04EC0-301F-11D3-BF4B-00C04F79EFBC}") = "Typy.Tests", "Typy.Tests\Typy.Tests.csproj", "{38FF49C5-6756-439D-8A9B-47B4760802F0}"
EndProject
Project("{FAE04EC0-301F-11D3-BF4B-00C04F79EFBC}") = "Members", "Members\Members.csproj", "{2E66C823-F421-485F-9BCE-0EC30B3E5539}"
EndProject
Global
	GlobalSection(SolutionConfigurationPlatforms) = preSolution
		Debug|Any CPU = Debug|Any CPU
		Release|Any CPU = Release|Any CPU
	EndGlobalSection
	GlobalSection(ProjectConfigurationPlatforms) = postSolution
		{D4E92217-25E9-4A4F-BA1B-A35DBF6547A3}.Debug|Any CPU.ActiveCfg = Debug|Any CPU
		{D4E92217-25E9-4A4F-BA1B-A35DBF6547A3}.Debug|Any CPU.Build.0 = Debug|Any CPU
		{D4E92217-25E9-4A4F-BA1B-A35DBF6547A3}.Release|Any CPU.ActiveCfg = Release|Any CPU
		{D4E92217-25E9-4A4F-BA1B-A35DBF6547A3}.Release|Any CPU.Build.0 = Release|Any CPU
		{E99A9488-27AF-4418-8B43-82F24DAF71C7}.Debug|Any CPU.ActiveCfg = Debug|Any CPU
		{E99A9488-27AF-4418-8B43-82F24DAF71C7}.Debug|Any CPU.Build.0 = Debug|Any CPU
		{E99A9488-27AF-4418-8B43-82F24DAF71C7}.Release|Any CPU.ActiveCfg = Release|Any CPU
		{E99A9488-27AF-4418-8B43-82F24DAF71C7}.Release|Any CPU.Build.0 = Release|Any CPU
		{18B9ED83-D0F4-4E4B-8873-DD39732E53C8}.Debug|Any CPU.ActiveCfg = Debug|Any CPU
		{18B9ED83-D0F4-4E4B-8873-DD39732E53C8}.Debug|Any CPU.Build.0 = Debug|Any CPU
		{18B9ED83-D0F4-4E4B-8873-DD39732E53C8}.Release|Any CPU.ActiveCfg = Release|Any CPU
		{18B9ED83-D0F4-4E4B-8873-DD39732E53C8}.Release|Any CPU.Build.0 = Release|Any CPU
		{33332A07-B889-4FD5-8BA7-21CC607C44DB}.Debug|Any CPU.ActiveCfg = Debug|Any CPU
		{33332A07-B889-4FD5-8BA7-21CC607C44DB}.Debug|Any CPU.Build.0 = Debug|Any CPU
		{33332A07-B889-4FD5-8BA7-21CC607C44DB}.Release|Any CPU.ActiveCfg = Release|Any CPU
		{33332A07-B889-4FD5-8BA7-21CC607C44DB}.Release|Any CPU.Build.0 = Release|Any CPU
		{3D515B04-1175-43C1-A6B1-32DEA4053152}.Debug|Any CPU.ActiveCfg = Debug|Any CPU
		{3D515B04-1175-43C1-A6B1-32DEA4053152}.Debug|Any CPU.Build.0 = Debug|Any CPU
		{3D515B04-1175-43C1-A6B1-32DEA4053152}.Release|Any CPU.ActiveCfg = Release|Any CPU
		{3D515B04-1175-43C1-A6B1-32DEA4053152}.Release|Any CPU.Build.0 = Release|Any CPU
		{868C61AB-333D-4C9C-AA0C-3764B5ECD61D}.Debug|Any CPU.ActiveCfg = Debug|Any CPU
		{868C61AB-333D-4C9C-AA0C-3764B5ECD61D}.Debug|Any CPU.Build.0 = Debug|Any CPU
		{868C61AB-333D-4C9C-AA0C-3764B5ECD61D}.Release|Any CPU.ActiveCfg = Release|Any CPU
		{868C61AB-333D-4C9C-AA0C-3764B5ECD61D}.Release|Any CPU.Build.0 = Release|Any CPU
		{38FF49C5-6756-439D-8A9B-47B4760802F0}.Debug|Any CPU.ActiveCfg = Debug|Any CPU
		{38FF49C5-6756-439D-8A9B-47B4760802F0}.Debug|Any CPU.Build.0 = Debug|Any CPU
		{38FF49C5-6756-439D-8A9B-47B4760802F0}.Release|Any CPU.ActiveCfg = Release|Any CPU
		{38FF49C5-6756-439D-8A9B-47B4760802F0}.Release|Any CPU.Build.0 = Release|Any CPU
		{2E66C823-F421-485F-9BCE-0EC30B3E5539}.Debug|Any CPU.ActiveCfg = Debug|Any CPU
		{2E66C823-F421-485F-9BCE-0EC30B3E5539}.Debug|Any CPU.Build.0 = Debug|Any CPU
		{2E66C823-F421-485F-9BCE-0EC30B3E5539}.Release|Any CPU.ActiveCfg = Release|Any CPU
		{2E66C823-F421-485F-9BCE-0EC30B3E5539}.Release|Any CPU.Build.0 = Release|Any CPU
	EndGlobalSection
	GlobalSection(SolutionProperties) = preSolution
		HideSolutionNode = FALSE
	EndGlobalSection
	GlobalSection(ExtensibilityGlobals) = postSolution
		SolutionGuid = {0624A6BB-2331-4922-BC81-A3FD02942B17}
	EndGlobalSection
EndGlobal
